
Microsoft Visual Studio Solution File, Format Version 12.00
# Visual Studio Version 17
VisualStudioVersion = 17.9.34622.214
MinimumVisualStudioVersion = 10.0.40219.1
Project("{9A19103F-16F7-4668-BE54-9A1E7A4F7556}") = "NewLoot", "NewLoot.csproj", "{C931BB71-3DA4-4EF4-BBAC-810BDA54616B}"
EndProject
Global
	GlobalSection(SolutionConfigurationPlatforms) = preSolution
		Debug|Any CPU = Debug|Any CPU
		Release|Any CPU = Release|Any CPU
	EndGlobalSection
	GlobalSection(ProjectConfigurationPlatforms) = postSolution
		{C931BB71-3DA4-4EF4-BBAC-810BDA54616B}.Debug|Any CPU.ActiveCfg = Debug|Any CPU
		{C931BB71-3DA4-4EF4-BBAC-810BDA54616B}.Debug|Any CPU.Build.0 = Debug|Any CPU
		{C931BB71-3DA4-4EF4-BBAC-810BDA54616B}.Release|Any CPU.ActiveCfg = Release|Any CPU
		{C931BB71-3DA4-4EF4-BBAC-810BDA54616B}.Release|Any CPU.Build.0 = Release|Any CPU
	EndGlobalSection
	GlobalSection(SolutionProperties) = preSolution
		HideSolutionNode = FALSE
	EndGlobalSection
	GlobalSection(ExtensibilityGlobals) = postSolution
		SolutionGuid = {53C66D1A-8871-450C-95C7-7CBF13C8CD8E}
	EndGlobalSection
EndGlobal
